
Microsoft Visual Studio Solution File, Format Version 12.00
# Visual Studio 15
VisualStudioVersion = 15.0.28307.136
MinimumVisualStudioVersion = 10.0.40219.1
Project("{888888A0-9F3D-457C-B088-3A5042F75D52}") = "qaqc", "qaqc.pyproj", "{F842E6FD-4C69-40E3-A39E-92B094B3B673}"
EndProject
Project("{2150E333-8FDC-42A3-9474-1A3956D46DE8}") = "Solution Items", "Solution Items", "{012B508C-DCB8-4653-812F-00A1691293AB}"
	ProjectSection(SolutionItems) = preProject
		qaqc_config.json = qaqc_config.json
	EndProjectSection
EndProject
Global
	GlobalSection(SolutionConfigurationPlatforms) = preSolution
		Debug|Any CPU = Debug|Any CPU
		Release|Any CPU = Release|Any CPU
	EndGlobalSection
	GlobalSection(ProjectConfigurationPlatforms) = postSolution
		{F842E6FD-4C69-40E3-A39E-92B094B3B673}.Debug|Any CPU.ActiveCfg = Debug|Any CPU
		{F842E6FD-4C69-40E3-A39E-92B094B3B673}.Release|Any CPU.ActiveCfg = Release|Any CPU
	EndGlobalSection
	GlobalSection(SolutionProperties) = preSolution
		HideSolutionNode = FALSE
	EndGlobalSection
	GlobalSection(ExtensibilityGlobals) = postSolution
		SolutionGuid = {CB4C607A-AC79-4D55-B00A-41FB5A0C8CA6}
	EndGlobalSection
EndGlobal
